<?xml version="1.0" encoding="utf-8"?>
<Project ToolsVersion="4.0" xmlns="http://schemas.microsoft.com/developer/msbuild/2003">
  <ItemGroup>
    <Filter Include="source">
      <UniqueIdentifier>{6a61ccc6-9144-459c-8b39-dfb26127685a}</UniqueIdentifier>
      <Extensions>cpp;c;cxx;def;odl;idl;hpj;bat;asm</Extensions>
    </Filter>
    <Filter Include="include">
      <UniqueIdentifier>{313df2cd-0423-494f-b278-1338ae1cc941}</UniqueIdentifier>
      <Extensions>h;hpp;hxx;hm;inl;inc</Extensions>
    </Filter>
    <Filter Include="resource">
      <UniqueIdentifier>{1c1c2da1-e64c-4d7a-af09-2b0ef508ebe9}</UniqueIdentifier>
      <Extensions>rc;ico;cur;bmp;dlg;rc2;rct;bin;rgs;jpg;jpeg;jpe;png;manifest</Extensions>
    </Filter>
  </ItemGroup>
  <ItemGroup>
    <None Include="win32\res\AlignGame2D.ico">
      <Filter>resource</Filter>
    </None>
    <None Include="Resources\Default.png">
      <Filter>resource</Filter>
    </None>
    <None Include="Resources\crop.png">
      <Filter>resource</Filter>
    </None>
    <None Include="Resources\farm.jpg">
      <Filter>resource</Filter>
    </None>
    <None Include="Resources\land.png">
      <Filter>resource</Filter>
    </None>
    <None Include="Resources\menu2.png">
      <Filter>resource</Filter>
    </None>
    <None Include="Resources\Icon.png">
      <Filter>resource</Filter>
    </None>
    <None Include="Resources\dog.png">
      <Filter>resource</Filter>
    </None>
    <None Include="Resources\hello.lua" />
    <None Include="Resources\menu1.png">
      <Filter>resource</Filter>
    </None>
    <None Include="Resources\hello2.lua" />
    <None Include="Resources\app.icf" />
    <None Include="Resources\background.mp3" />
    <None Include="Resources\effect1.wav" />
    <None Include="Resources\HelloWorld.png">
      <Filter>resource</Filter>
    </None>
    <None Include="Resources\background.jpg">
      <Filter>resource</Filter>
    </None>
    <None Include="Resources\froggy.png">
      <Filter>resource</Filter>
    </None>
    <None Include="Resources\lion.png">
      <Filter>resource</Filter>
    </None>
  </ItemGroup>
  <ItemGroup>
    <ResourceCompile Include="win32\AlignGame2D.rc">
      <Filter>resource</Filter>
    </ResourceCompile>
  </ItemGroup>
  <ItemGroup>
    <ClInclude Include="win32\resource.h">
      <Filter>include</Filter>
    </ClInclude>
    <ClInclude Include="win32\main.h">
      <Filter>include</Filter>
    </ClInclude>
    <ClInclude Include="Classes\AppDelegate.h">
      <Filter>include</Filter>
    </ClInclude>
    <ClInclude Include="Classes\cocos2dx_support\LuaCocos2d.h">
      <Filter>include</Filter>
    </ClInclude>
    <ClInclude Include="Classes\cocos2dx_support\CCLuaEngine.h">
      <Filter>include</Filter>
    </ClInclude>
    <ClInclude Include="Classes\cocos2dx_support\Cocos2dxLuaLoader.h">
      <Filter>include</Filter>
    </ClInclude>
    <ClInclude Include="Classes\cocos2dx_support\tolua_fix.h">
      <Filter>include</Filter>
    </ClInclude>
    <ClInclude Include="Classes\include\ag2d_config.h">
      <Filter>include</Filter>
    </ClInclude>
    <ClInclude Include="Classes\include\ag2d_engine.h">
      <Filter>include</Filter>
    </ClInclude>
    <ClInclude Include="Classes\include\ag2d_scene.h">
      <Filter>include</Filter>
    </ClInclude>
    <ClInclude Include="Classes\include\ag2d_spritesmanager.h">
      <Filter>include</Filter>
    </ClInclude>
    <ClInclude Include="Classes\GameScene.h">
      <Filter>include</Filter>
    </ClInclude>
    <ClInclude Include="Classes\include\ag2d_actionsystem.h">
      <Filter>include</Filter>
    </ClInclude>
    <ClInclude Include="Classes\include\ag2d_launcher.h">
      <Filter>include</Filter>
    </ClInclude>
    <ClInclude Include="Classes\include\ag2d_commonscene.h">
      <Filter>include</Filter>
    </ClInclude>
    <ClInclude Include="Classes\include\ag2d_datachannel.h">
      <Filter>include</Filter>
    </ClInclude>
    <ClInclude Include="Classes\include\ag2d_corenode.h">
      <Filter>include</Filter>
    </ClInclude>
    <ClInclude Include="Classes\include\ag2d_nodestatus.h">
      <Filter>include</Filter>
    </ClInclude>
    <ClInclude Include="Classes\include\ag2d_spritenode.h">
      <Filter>include</Filter>
    </ClInclude>
    <ClInclude Include="Classes\include\ag2d_spritetype.h">
      <Filter>include</Filter>
    </ClInclude>
    <ClInclude Include="Classes\common\ag2d_splashscene.h">
      <Filter>include</Filter>
    </ClInclude>
    <ClInclude Include="Classes\xml\tinystr.h">
      <Filter>include</Filter>
    </ClInclude>
    <ClInclude Include="Classes\xml\tinyxml.h">
      <Filter>include</Filter>
    </ClInclude>
  </ItemGroup>
  <ItemGroup>
    <ClCompile Include="win32\main.cpp">
      <Filter>source</Filter>
    </ClCompile>
    <ClCompile Include="Classes\AppDelegate.cpp">
      <Filter>source</Filter>
    </ClCompile>
    <ClCompile Include="Classes\cocos2dx_support\LuaCocos2d.cpp">
      <Filter>source</Filter>
    </ClCompile>
    <ClCompile Include="Classes\cocos2dx_support\CCLuaEngine.cpp">
      <Filter>source</Filter>
    </ClCompile>
    <ClCompile Include="Classes\cocos2dx_support\Cocos2dxLuaLoader.cpp">
      <Filter>source</Filter>
    </ClCompile>
    <ClCompile Include="Classes\cocos2dx_support\tolua_fix.c">
      <Filter>source</Filter>
    </ClCompile>
    <ClCompile Include="Classes\core\ag2d_engine.cpp">
      <Filter>source</Filter>
    </ClCompile>
    <ClCompile Include="Classes\core\ag2d_scene.cpp">
      <Filter>source</Filter>
    </ClCompile>
    <ClCompile Include="Classes\core\ag2d_spritesmanager.cpp">
      <Filter>source</Filter>
    </ClCompile>
    <ClCompile Include="Classes\core\ag2d_actionsystem.cpp">
      <Filter>source</Filter>
    </ClCompile>
    <ClCompile Include="Classes\core\ag2d_launcher.cpp">
      <Filter>source</Filter>
    </ClCompile>
    <ClCompile Include="Classes\core\ag2d_commonscene.cpp">
      <Filter>source</Filter>
    </ClCompile>
    <ClCompile Include="Classes\core\ag2d_datachannel.cpp">
      <Filter>source</Filter>
    </ClCompile>
    <ClCompile Include="Classes\core\ag2d_corenode.cpp">
      <Filter>source</Filter>
    </ClCompile>
    <ClCompile Include="Classes\ui\ag2d_splashscene.cpp">
      <Filter>source</Filter>
    </ClCompile>
    <ClCompile Include="Classes\xml\tinystr.cpp">
      <Filter>source</Filter>
    </ClCompile>
    <ClCompile Include="Classes\xml\tinyxml.cpp">
      <Filter>source</Filter>
    </ClCompile>
    <ClCompile Include="Classes\xml\tinyxmlerror.cpp">
      <Filter>source</Filter>
    </ClCompile>
    <ClCompile Include="Classes\xml\tinyxmlparser.cpp">
      <Filter>source</Filter>
    </ClCompile>
  </ItemGroup>
</Project>